
Microsoft Visual Studio Solution File, Format Version 12.00
# Visual Studio 15
VisualStudioVersion = 15.0.27703.2035
MinimumVisualStudioVersion = 10.0.40219.1
Project("{9A19103F-16F7-4668-BE54-9A1E7A4F7556}") = "VDFLib", "VDFLib\VDFLib.csproj", "{BFA0B44A-F15F-4C8F-9665-0E22A5561451}"
EndProject
Project("{FAE04EC0-301F-11D3-BF4B-00C04F79EFBC}") = "VDFConsoleTests", "VDFConsoleTests\VDFConsoleTests.csproj", "{04734F67-A1C6-41EB-BFDC-FC9F9E9D6F0F}"
	ProjectSection(ProjectDependencies) = postProject
		{BFA0B44A-F15F-4C8F-9665-0E22A5561451} = {BFA0B44A-F15F-4C8F-9665-0E22A5561451}
	EndProjectSection
EndProject
Project("{FAE04EC0-301F-11D3-BF4B-00C04F79EFBC}") = "VDFExplorer", "VDFExplorer\VDFExplorer.csproj", "{DFFE089B-C2B8-4377-BBAA-02ECF32E3CBB}"
EndProject
Global
	GlobalSection(SolutionConfigurationPlatforms) = preSolution
		Debug|Any CPU = Debug|Any CPU
		Release|Any CPU = Release|Any CPU
	EndGlobalSection
	GlobalSection(ProjectConfigurationPlatforms) = postSolution
		{BFA0B44A-F15F-4C8F-9665-0E22A5561451}.Debug|Any CPU.ActiveCfg = Debug|Any CPU
		{BFA0B44A-F15F-4C8F-9665-0E22A5561451}.Debug|Any CPU.Build.0 = Debug|Any CPU
		{BFA0B44A-F15F-4C8F-9665-0E22A5561451}.Release|Any CPU.ActiveCfg = Release|Any CPU
		{BFA0B44A-F15F-4C8F-9665-0E22A5561451}.Release|Any CPU.Build.0 = Release|Any CPU
		{04734F67-A1C6-41EB-BFDC-FC9F9E9D6F0F}.Debug|Any CPU.ActiveCfg = Debug|Any CPU
		{04734F67-A1C6-41EB-BFDC-FC9F9E9D6F0F}.Debug|Any CPU.Build.0 = Debug|Any CPU
		{04734F67-A1C6-41EB-BFDC-FC9F9E9D6F0F}.Release|Any CPU.ActiveCfg = Release|Any CPU
		{04734F67-A1C6-41EB-BFDC-FC9F9E9D6F0F}.Release|Any CPU.Build.0 = Release|Any CPU
		{DFFE089B-C2B8-4377-BBAA-02ECF32E3CBB}.Debug|Any CPU.ActiveCfg = Debug|Any CPU
		{DFFE089B-C2B8-4377-BBAA-02ECF32E3CBB}.Debug|Any CPU.Build.0 = Debug|Any CPU
		{DFFE089B-C2B8-4377-BBAA-02ECF32E3CBB}.Release|Any CPU.ActiveCfg = Release|Any CPU
		{DFFE089B-C2B8-4377-BBAA-02ECF32E3CBB}.Release|Any CPU.Build.0 = Release|Any CPU
	EndGlobalSection
	GlobalSection(SolutionProperties) = preSolution
		HideSolutionNode = FALSE
	EndGlobalSection
	GlobalSection(ExtensibilityGlobals) = postSolution
		SolutionGuid = {41A34C0C-1B79-497C-9EF8-FDFCE3D747EB}
	EndGlobalSection
EndGlobal
